
Microsoft Visual Studio Solution File, Format Version 12.00
# Visual Studio Version 17
VisualStudioVersion = 17.12.35707.178
MinimumVisualStudioVersion = 10.0.40219.1
Project("{FAE04EC0-301F-11D3-BF4B-00C04F79EFBC}") = "Libreria.LogicaNegocio", "Libreria.LogicaNegocio\Libreria.LogicaNegocio.csproj", "{4774B506-BC2F-48DA-AF5D-233F000DD74E}"
EndProject
Project("{FAE04EC0-301F-11D3-BF4B-00C04F79EFBC}") = "Libreria.Test", "Libreria.Test\Libreria.Test.csproj", "{B68B0A5C-48E8-4461-A7FF-9F11875C65C4}"
EndProject
Project("{FAE04EC0-301F-11D3-BF4B-00C04F79EFBC}") = "Libreria.WebApp", "Libreria.WebApp\Libreria.WebApp.csproj", "{4A64720F-14C4-41D6-8874-99727BC39ACE}"
EndProject
Project("{FAE04EC0-301F-11D3-BF4B-00C04F79EFBC}") = "Libreria.LogicaAccesoDatos", "Libreria.LogicaAccesoDatos\Libreria.LogicaAccesoDatos.csproj", "{F3C6DFCE-7CAA-4580-A390-A17CF0186414}"
EndProject
Project("{FAE04EC0-301F-11D3-BF4B-00C04F79EFBC}") = "Libreria.LogicaAplicacion", "Libreria.LogicaAplicacion\Libreria.LogicaAplicacion.csproj", "{FADEF271-8409-4711-BBFD-C841BEAC395D}"
EndProject
Project("{FAE04EC0-301F-11D3-BF4B-00C04F79EFBC}") = "Libreria.CasoDeUsoCompartida", "Libreria.CasoDeUsoCompartida\Libreria.CasoDeUsoCompartida.csproj", "{7EFFA852-7066-440B-B039-4891FF05B885}"
EndProject
Global
	GlobalSection(SolutionConfigurationPlatforms) = preSolution
		Debug|Any CPU = Debug|Any CPU
		Release|Any CPU = Release|Any CPU
	EndGlobalSection
	GlobalSection(ProjectConfigurationPlatforms) = postSolution
		{4774B506-BC2F-48DA-AF5D-233F000DD74E}.Debug|Any CPU.ActiveCfg = Debug|Any CPU
		{4774B506-BC2F-48DA-AF5D-233F000DD74E}.Debug|Any CPU.Build.0 = Debug|Any CPU
		{4774B506-BC2F-48DA-AF5D-233F000DD74E}.Release|Any CPU.ActiveCfg = Release|Any CPU
		{4774B506-BC2F-48DA-AF5D-233F000DD74E}.Release|Any CPU.Build.0 = Release|Any CPU
		{B68B0A5C-48E8-4461-A7FF-9F11875C65C4}.Debug|Any CPU.ActiveCfg = Debug|Any CPU
		{B68B0A5C-48E8-4461-A7FF-9F11875C65C4}.Debug|Any CPU.Build.0 = Debug|Any CPU
		{B68B0A5C-48E8-4461-A7FF-9F11875C65C4}.Release|Any CPU.ActiveCfg = Release|Any CPU
		{B68B0A5C-48E8-4461-A7FF-9F11875C65C4}.Release|Any CPU.Build.0 = Release|Any CPU
		{4A64720F-14C4-41D6-8874-99727BC39ACE}.Debug|Any CPU.ActiveCfg = Debug|Any CPU
		{4A64720F-14C4-41D6-8874-99727BC39ACE}.Debug|Any CPU.Build.0 = Debug|Any CPU
		{4A64720F-14C4-41D6-8874-99727BC39ACE}.Release|Any CPU.ActiveCfg = Release|Any CPU
		{4A64720F-14C4-41D6-8874-99727BC39ACE}.Release|Any CPU.Build.0 = Release|Any CPU
		{F3C6DFCE-7CAA-4580-A390-A17CF0186414}.Debug|Any CPU.ActiveCfg = Debug|Any CPU
		{F3C6DFCE-7CAA-4580-A390-A17CF0186414}.Debug|Any CPU.Build.0 = Debug|Any CPU
		{F3C6DFCE-7CAA-4580-A390-A17CF0186414}.Release|Any CPU.ActiveCfg = Release|Any CPU
		{F3C6DFCE-7CAA-4580-A390-A17CF0186414}.Release|Any CPU.Build.0 = Release|Any CPU
		{FADEF271-8409-4711-BBFD-C841BEAC395D}.Debug|Any CPU.ActiveCfg = Debug|Any CPU
		{FADEF271-8409-4711-BBFD-C841BEAC395D}.Debug|Any CPU.Build.0 = Debug|Any CPU
		{FADEF271-8409-4711-BBFD-C841BEAC395D}.Release|Any CPU.ActiveCfg = Release|Any CPU
		{FADEF271-8409-4711-BBFD-C841BEAC395D}.Release|Any CPU.Build.0 = Release|Any CPU
		{7EFFA852-7066-440B-B039-4891FF05B885}.Debug|Any CPU.ActiveCfg = Debug|Any CPU
		{7EFFA852-7066-440B-B039-4891FF05B885}.Debug|Any CPU.Build.0 = Debug|Any CPU
		{7EFFA852-7066-440B-B039-4891FF05B885}.Release|Any CPU.ActiveCfg = Release|Any CPU
		{7EFFA852-7066-440B-B039-4891FF05B885}.Release|Any CPU.Build.0 = Release|Any CPU
	EndGlobalSection
	GlobalSection(SolutionProperties) = preSolution
		HideSolutionNode = FALSE
	EndGlobalSection
	GlobalSection(ExtensibilityGlobals) = postSolution
		SolutionGuid = {2751537C-9955-429D-9F99-5561CA421DE8}
	EndGlobalSection
EndGlobal
